
Microsoft Visual Studio Solution File, Format Version 12.00
# Visual Studio 15
VisualStudioVersion = 15.0.27703.2035
MinimumVisualStudioVersion = 10.0.40219.1
Project("{888888A0-9F3D-457C-B088-3A5042F75D52}") = "visualstudio", "visualstudio.pyproj", "{9A703754-EB4E-4C84-ACFB-D2AE12C6D6F8}"
EndProject
Project("{2150E333-8FDC-42A3-9474-1A3956D46DE8}") = "Solution Items", "Solution Items", "{23B95E06-D86F-4EE6-A900-AEF835D66946}"
EndProject
Global
	GlobalSection(SolutionConfigurationPlatforms) = preSolution
		Debug|Any CPU = Debug|Any CPU
		Release|Any CPU = Release|Any CPU
	EndGlobalSection
	GlobalSection(ProjectConfigurationPlatforms) = postSolution
		{9A703754-EB4E-4C84-ACFB-D2AE12C6D6F8}.Debug|Any CPU.ActiveCfg = Debug|Any CPU
		{9A703754-EB4E-4C84-ACFB-D2AE12C6D6F8}.Release|Any CPU.ActiveCfg = Release|Any CPU
	EndGlobalSection
	GlobalSection(SolutionProperties) = preSolution
		HideSolutionNode = FALSE
	EndGlobalSection
	GlobalSection(ExtensibilityGlobals) = postSolution
		SolutionGuid = {74473D84-AA82-4768-AD14-91F5EC48CF5C}
	EndGlobalSection
EndGlobal
