
Microsoft Visual Studio Solution File, Format Version 12.00
# Visual Studio 15
VisualStudioVersion = 15.0.27703.2035
MinimumVisualStudioVersion = 10.0.40219.1
Project("{888888A0-9F3D-457C-B088-3A5042F75D52}") = "visualstudio", "visualstudio.pyproj", "{32827B7C-9A6E-4779-9CC1-2663942D4860}"
EndProject
Global
	GlobalSection(SolutionConfigurationPlatforms) = preSolution
		Debug|Any CPU = Debug|Any CPU
		Release|Any CPU = Release|Any CPU
	EndGlobalSection
	GlobalSection(ProjectConfigurationPlatforms) = postSolution
		{32827B7C-9A6E-4779-9CC1-2663942D4860}.Debug|Any CPU.ActiveCfg = Debug|Any CPU
		{32827B7C-9A6E-4779-9CC1-2663942D4860}.Release|Any CPU.ActiveCfg = Release|Any CPU
	EndGlobalSection
	GlobalSection(SolutionProperties) = preSolution
		HideSolutionNode = FALSE
	EndGlobalSection
	GlobalSection(ExtensibilityGlobals) = postSolution
		SolutionGuid = {4B70EA5E-1CA0-4FCC-979A-8DFFEDAE97B0}
	EndGlobalSection
EndGlobal
